
Microsoft Visual Studio Solution File, Format Version 12.00
# Visual Studio Version 17
VisualStudioVersion = 17.5.33530.505
MinimumVisualStudioVersion = 10.0.40219.1
Project("{2150E333-8FDC-42A3-9474-1A3956D46DE8}") = "Core", "Core", "{BDE3297C-4B12-42D3-AA05-66F437564E38}"
EndProject
Project("{9A19103F-16F7-4668-BE54-9A1E7A4F7556}") = "ETicaretAPI.Domain", "Core\ETicaretAPI.Domain\ETicaretAPI.Domain.csproj", "{31E95947-B499-43E1-95F9-7178167106DC}"
EndProject
Project("{9A19103F-16F7-4668-BE54-9A1E7A4F7556}") = "ETicaretAPI.Application", "Core\ETicaretAPI.Application\ETicaretAPI.Application.csproj", "{314AE297-D657-465A-A4AA-4082A625AA73}"
EndProject
Project("{2150E333-8FDC-42A3-9474-1A3956D46DE8}") = "Infrastructure", "Infrastructure", "{33063711-EA54-4451-8C93-2BDF665901D9}"
EndProject
Project("{9A19103F-16F7-4668-BE54-9A1E7A4F7556}") = "ETicaretAPI.Infrastructure", "Infrastructure\ETicaretAPI.Infrastructure\ETicaretAPI.Infrastructure.csproj", "{FDC2C7D3-C701-43B3-BA3B-9C4CF509B73D}"
EndProject
Project("{9A19103F-16F7-4668-BE54-9A1E7A4F7556}") = "ETicaretAPI.Persistance", "Infrastructure\ETicaretAPI.Persistance\ETicaretAPI.Persistance.csproj", "{6A6E44F4-6B07-475E-B0FF-07017BDA7479}"
EndProject
Project("{2150E333-8FDC-42A3-9474-1A3956D46DE8}") = "Presentation", "Presentation", "{30D18C80-7CB6-447C-9AE2-718E67A847C0}"
EndProject
Project("{9A19103F-16F7-4668-BE54-9A1E7A4F7556}") = "ETicaretAPI.API", "Presentation\ETicaretAPI.API\ETicaretAPI.API.csproj", "{249C76E9-5338-4F7E-B392-27034AAC3124}"
EndProject
Global
	GlobalSection(SolutionConfigurationPlatforms) = preSolution
		Debug|Any CPU = Debug|Any CPU
		Release|Any CPU = Release|Any CPU
	EndGlobalSection
	GlobalSection(ProjectConfigurationPlatforms) = postSolution
		{31E95947-B499-43E1-95F9-7178167106DC}.Debug|Any CPU.ActiveCfg = Debug|Any CPU
		{31E95947-B499-43E1-95F9-7178167106DC}.Debug|Any CPU.Build.0 = Debug|Any CPU
		{31E95947-B499-43E1-95F9-7178167106DC}.Release|Any CPU.ActiveCfg = Release|Any CPU
		{31E95947-B499-43E1-95F9-7178167106DC}.Release|Any CPU.Build.0 = Release|Any CPU
		{314AE297-D657-465A-A4AA-4082A625AA73}.Debug|Any CPU.ActiveCfg = Debug|Any CPU
		{314AE297-D657-465A-A4AA-4082A625AA73}.Debug|Any CPU.Build.0 = Debug|Any CPU
		{314AE297-D657-465A-A4AA-4082A625AA73}.Release|Any CPU.ActiveCfg = Release|Any CPU
		{314AE297-D657-465A-A4AA-4082A625AA73}.Release|Any CPU.Build.0 = Release|Any CPU
		{FDC2C7D3-C701-43B3-BA3B-9C4CF509B73D}.Debug|Any CPU.ActiveCfg = Debug|Any CPU
		{FDC2C7D3-C701-43B3-BA3B-9C4CF509B73D}.Debug|Any CPU.Build.0 = Debug|Any CPU
		{FDC2C7D3-C701-43B3-BA3B-9C4CF509B73D}.Release|Any CPU.ActiveCfg = Release|Any CPU
		{FDC2C7D3-C701-43B3-BA3B-9C4CF509B73D}.Release|Any CPU.Build.0 = Release|Any CPU
		{6A6E44F4-6B07-475E-B0FF-07017BDA7479}.Debug|Any CPU.ActiveCfg = Debug|Any CPU
		{6A6E44F4-6B07-475E-B0FF-07017BDA7479}.Debug|Any CPU.Build.0 = Debug|Any CPU
		{6A6E44F4-6B07-475E-B0FF-07017BDA7479}.Release|Any CPU.ActiveCfg = Release|Any CPU
		{6A6E44F4-6B07-475E-B0FF-07017BDA7479}.Release|Any CPU.Build.0 = Release|Any CPU
		{249C76E9-5338-4F7E-B392-27034AAC3124}.Debug|Any CPU.ActiveCfg = Debug|Any CPU
		{249C76E9-5338-4F7E-B392-27034AAC3124}.Debug|Any CPU.Build.0 = Debug|Any CPU
		{249C76E9-5338-4F7E-B392-27034AAC3124}.Release|Any CPU.ActiveCfg = Release|Any CPU
		{249C76E9-5338-4F7E-B392-27034AAC3124}.Release|Any CPU.Build.0 = Release|Any CPU
	EndGlobalSection
	GlobalSection(SolutionProperties) = preSolution
		HideSolutionNode = FALSE
	EndGlobalSection
	GlobalSection(NestedProjects) = preSolution
		{31E95947-B499-43E1-95F9-7178167106DC} = {BDE3297C-4B12-42D3-AA05-66F437564E38}
		{314AE297-D657-465A-A4AA-4082A625AA73} = {BDE3297C-4B12-42D3-AA05-66F437564E38}
		{FDC2C7D3-C701-43B3-BA3B-9C4CF509B73D} = {33063711-EA54-4451-8C93-2BDF665901D9}
		{6A6E44F4-6B07-475E-B0FF-07017BDA7479} = {33063711-EA54-4451-8C93-2BDF665901D9}
		{249C76E9-5338-4F7E-B392-27034AAC3124} = {30D18C80-7CB6-447C-9AE2-718E67A847C0}
	EndGlobalSection
	GlobalSection(ExtensibilityGlobals) = postSolution
		SolutionGuid = {9FE83DF9-0FCA-4B9B-B37C-23271AC713CB}
	EndGlobalSection
EndGlobal
